{
  "name": "algokit-abi-examples",
  "version": "1.0.0",
  "lockfileVersion": 3,
  "requires": true,
  "packages": {
    "": {
      "name": "algokit-abi-examples",
      "version": "1.0.0",
      "dependencies": {
        "@algorandfoundation/algokit-utils": "file:../../dist"
      },
      "devDependencies": {
        "typescript": "^5.4.5"
      },
      "engines": {
        "node": ">=20.0"
      }
    },
    "../../dist": {
      "name": "@algorandfoundation/algokit-utils",
      "version": "0.1.0",
      "license": "MIT",
      "dependencies": {
        "algorand-msgpack": "^1.1.0",
        "buffer": "^6.0.3",
        "hi-base32": "^0.5.1",
        "js-sha512": "^0.8.0",
        "json-bigint": "^1.0.0",
        "tweetnacl": "^1.0.3",
        "vlq": "^2.0.4"
      },
      "engines": {
        "node": ">=20.0"
      }
    },
    "node_modules/@algorandfoundation/algokit-utils": {
      "resolved": "../../dist",
      "link": true
    },
    "node_modules/typescript": {
      "version": "5.9.3",
      "resolved": "https://registry.npmjs.org/typescript/-/typescript-5.9.3.tgz",
      "integrity": "sha512-jl1vZzPDinLr9eUt3J/t7V6FgNEw9QjvBPdysz9KfQDD41fQrC2Y4vKQdiaUpFT4bXlb1RHhLpp8wtm6M5TgSw==",
      "dev": true,
      "license": "Apache-2.0",
      "bin": {
        "tsc": "bin/tsc",
        "tsserver": "bin/tsserver"
      },
      "engines": {
        "node": ">=14.17"
      }
    }
  }
}
