{
  "name": "algokit-utils-examples",
  "lockfileVersion": 3,
  "requires": true,
  "packages": {
    "": {
      "name": "algokit-utils-examples",
      "dependencies": {
        "@algorandfoundation/algokit-utils": "file:../dist",
        "tweetnacl": "^1.0.3"
      },
      "devDependencies": {
        "typescript": "^5.4.5"
      },
      "engines": {
        "node": ">=20.0"
      }
    },
    "../dist": {
      "name": "@algorandfoundation/algokit-utils",
      "version": "0.1.0",
      "license": "MIT",
      "dependencies": {
        "@noble/hashes": "^2.0.1",
        "algorand-msgpack": "^1.1.0",
        "buffer": "^6.0.3",
        "hi-base32": "^0.5.1",
        "json-bigint": "^1.0.0",
        "vlq": "^2.0.4"
      },
      "engines": {
        "node": ">=20.0"
      }
    },
    "node_modules/@algorandfoundation/algokit-utils": {
      "resolved": "../dist",
      "link": true
    },
    "node_modules/tweetnacl": {
      "version": "1.0.3",
      "license": "Unlicense"
    },
    "node_modules/typescript": {
      "version": "5.9.3",
      "dev": true,
      "license": "Apache-2.0",
      "bin": {
        "tsc": "bin/tsc",
        "tsserver": "bin/tsserver"
      },
      "engines": {
        "node": ">=14.17"
      }
    }
  }
}
